
Microsoft Visual Studio Solution File, Format Version 12.00
# Visual Studio Version 16
VisualStudioVersion = 16.0.30011.22
MinimumVisualStudioVersion = 10.0.40219.1
Project("{8BC9CEB8-8B4A-11D0-8D11-00A0C91BC942}") = "CopyConstructor", "CopyConstructor\CopyConstructor.vcxproj", "{E0C52E53-5C87-4966-AA37-97D658D59CB9}"
EndProject
Project("{8BC9CEB8-8B4A-11D0-8D11-00A0C91BC942}") = "FunctionAndClass", "FunctionAndClass\FunctionAndClass.vcxproj", "{C2C519BE-4F66-45FC-B2FC-FDCA1812CDCC}"
EndProject
Project("{8BC9CEB8-8B4A-11D0-8D11-00A0C91BC942}") = "BadShallowCopy", "BadShallowCopy\BadShallowCopy.vcxproj", "{375346BA-A452-46CA-8CE6-015635FF4219}"
EndProject
Project("{8BC9CEB8-8B4A-11D0-8D11-00A0C91BC942}") = "CopyConstructor2", "CopyConstructor2\CopyConstructor2.vcxproj", "{285CC2D3-BCF3-49BA-A486-BDB6B5DB0C21}"
EndProject
Project("{8BC9CEB8-8B4A-11D0-8D11-00A0C91BC942}") = "ShallowCopy1", "ShallowCopy1\ShallowCopy1.vcxproj", "{50E71CCC-A26F-4678-A8B6-4F2B3AA1C021}"
EndProject
Project("{8BC9CEB8-8B4A-11D0-8D11-00A0C91BC942}") = "ShallowCopy2", "ShallowCopy2\ShallowCopy2.vcxproj", "{FBA12093-4F82-4A5F-9EE5-DDB2E4B98954}"
EndProject
Project("{8BC9CEB8-8B4A-11D0-8D11-00A0C91BC942}") = "StringCtrlSample", "StringCtrlSample\StringCtrlSample.vcxproj", "{49CD9730-0AA7-4E5A-A59A-D09F192A5D48}"
EndProject
Project("{8BC9CEB8-8B4A-11D0-8D11-00A0C91BC942}") = "ImTypeCast", "ImTypeCast\ImTypeCast.vcxproj", "{B6FF3BB9-4E68-495C-B8B3-A1DBD14795CB}"
EndProject
Project("{8BC9CEB8-8B4A-11D0-8D11-00A0C91BC942}") = "AutoTypecast", "AutoTypecast\AutoTypecast.vcxproj", "{4E42A2FF-E419-44F2-8B7A-3D19743AE5F9}"
EndProject
Project("{8BC9CEB8-8B4A-11D0-8D11-00A0C91BC942}") = "StringCtrlSample2", "StringCtrlSample2\StringCtrlSample2.vcxproj", "{8CD4EB66-2D50-4A1F-AC14-1E93043F72B2}"
EndProject
Project("{8BC9CEB8-8B4A-11D0-8D11-00A0C91BC942}") = "TempObject", "TempObject\TempObject.vcxproj", "{9F127B09-6880-4B5D-81D0-ADD993D06F69}"
EndProject
Project("{8BC9CEB8-8B4A-11D0-8D11-00A0C91BC942}") = "RvalueRef1", "RvalueRef1\RvalueRef1.vcxproj", "{9E1BE62A-5B64-4439-BFD6-B98477C9D848}"
EndProject
Project("{8BC9CEB8-8B4A-11D0-8D11-00A0C91BC942}") = "RvalueRef2", "RvalueRef2\RvalueRef2.vcxproj", "{AAD29069-3AC0-4E9F-B490-1AD7E22B03AD}"
EndProject
Project("{8BC9CEB8-8B4A-11D0-8D11-00A0C91BC942}") = "RvalueRef3", "RvalueRef3\RvalueRef3.vcxproj", "{F60FCF96-1826-4868-B499-94C7C973147F}"
EndProject
Project("{8BC9CEB8-8B4A-11D0-8D11-00A0C91BC942}") = "MoveSemantics", "MoveSemantics\MoveSemantics.vcxproj", "{7C24FD90-7DC6-4B70-BEB8-EBD1D602659E}"
EndProject
Project("{8BC9CEB8-8B4A-11D0-8D11-00A0C91BC942}") = "StringCtrlSample3", "StringCtrlSample3\StringCtrlSample3.vcxproj", "{DBD153F1-4DCA-4FAD-B29E-028BABC3FC79}"
EndProject
Global
	GlobalSection(SolutionConfigurationPlatforms) = preSolution
		Debug|x64 = Debug|x64
		Debug|x86 = Debug|x86
		Release|x64 = Release|x64
		Release|x86 = Release|x86
	EndGlobalSection
	GlobalSection(ProjectConfigurationPlatforms) = postSolution
		{E0C52E53-5C87-4966-AA37-97D658D59CB9}.Debug|x64.ActiveCfg = Debug|x64
		{E0C52E53-5C87-4966-AA37-97D658D59CB9}.Debug|x64.Build.0 = Debug|x64
		{E0C52E53-5C87-4966-AA37-97D658D59CB9}.Debug|x86.ActiveCfg = Debug|Win32
		{E0C52E53-5C87-4966-AA37-97D658D59CB9}.Debug|x86.Build.0 = Debug|Win32
		{E0C52E53-5C87-4966-AA37-97D658D59CB9}.Release|x64.ActiveCfg = Release|x64
		{E0C52E53-5C87-4966-AA37-97D658D59CB9}.Release|x64.Build.0 = Release|x64
		{E0C52E53-5C87-4966-AA37-97D658D59CB9}.Release|x86.ActiveCfg = Release|Win32
		{E0C52E53-5C87-4966-AA37-97D658D59CB9}.Release|x86.Build.0 = Release|Win32
		{C2C519BE-4F66-45FC-B2FC-FDCA1812CDCC}.Debug|x64.ActiveCfg = Debug|x64
		{C2C519BE-4F66-45FC-B2FC-FDCA1812CDCC}.Debug|x64.Build.0 = Debug|x64
		{C2C519BE-4F66-45FC-B2FC-FDCA1812CDCC}.Debug|x86.ActiveCfg = Debug|Win32
		{C2C519BE-4F66-45FC-B2FC-FDCA1812CDCC}.Debug|x86.Build.0 = Debug|Win32
		{C2C519BE-4F66-45FC-B2FC-FDCA1812CDCC}.Release|x64.ActiveCfg = Release|x64
		{C2C519BE-4F66-45FC-B2FC-FDCA1812CDCC}.Release|x64.Build.0 = Release|x64
		{C2C519BE-4F66-45FC-B2FC-FDCA1812CDCC}.Release|x86.ActiveCfg = Release|Win32
		{C2C519BE-4F66-45FC-B2FC-FDCA1812CDCC}.Release|x86.Build.0 = Release|Win32
		{375346BA-A452-46CA-8CE6-015635FF4219}.Debug|x64.ActiveCfg = Debug|x64
		{375346BA-A452-46CA-8CE6-015635FF4219}.Debug|x64.Build.0 = Debug|x64
		{375346BA-A452-46CA-8CE6-015635FF4219}.Debug|x86.ActiveCfg = Debug|Win32
		{375346BA-A452-46CA-8CE6-015635FF4219}.Debug|x86.Build.0 = Debug|Win32
		{375346BA-A452-46CA-8CE6-015635FF4219}.Release|x64.ActiveCfg = Release|x64
		{375346BA-A452-46CA-8CE6-015635FF4219}.Release|x64.Build.0 = Release|x64
		{375346BA-A452-46CA-8CE6-015635FF4219}.Release|x86.ActiveCfg = Release|Win32
		{375346BA-A452-46CA-8CE6-015635FF4219}.Release|x86.Build.0 = Release|Win32
		{285CC2D3-BCF3-49BA-A486-BDB6B5DB0C21}.Debug|x64.ActiveCfg = Debug|x64
		{285CC2D3-BCF3-49BA-A486-BDB6B5DB0C21}.Debug|x64.Build.0 = Debug|x64
		{285CC2D3-BCF3-49BA-A486-BDB6B5DB0C21}.Debug|x86.ActiveCfg = Debug|Win32
		{285CC2D3-BCF3-49BA-A486-BDB6B5DB0C21}.Debug|x86.Build.0 = Debug|Win32
		{285CC2D3-BCF3-49BA-A486-BDB6B5DB0C21}.Release|x64.ActiveCfg = Release|x64
		{285CC2D3-BCF3-49BA-A486-BDB6B5DB0C21}.Release|x64.Build.0 = Release|x64
		{285CC2D3-BCF3-49BA-A486-BDB6B5DB0C21}.Release|x86.ActiveCfg = Release|Win32
		{285CC2D3-BCF3-49BA-A486-BDB6B5DB0C21}.Release|x86.Build.0 = Release|Win32
		{50E71CCC-A26F-4678-A8B6-4F2B3AA1C021}.Debug|x64.ActiveCfg = Debug|x64
		{50E71CCC-A26F-4678-A8B6-4F2B3AA1C021}.Debug|x64.Build.0 = Debug|x64
		{50E71CCC-A26F-4678-A8B6-4F2B3AA1C021}.Debug|x86.ActiveCfg = Debug|Win32
		{50E71CCC-A26F-4678-A8B6-4F2B3AA1C021}.Debug|x86.Build.0 = Debug|Win32
		{50E71CCC-A26F-4678-A8B6-4F2B3AA1C021}.Release|x64.ActiveCfg = Release|x64
		{50E71CCC-A26F-4678-A8B6-4F2B3AA1C021}.Release|x64.Build.0 = Release|x64
		{50E71CCC-A26F-4678-A8B6-4F2B3AA1C021}.Release|x86.ActiveCfg = Release|Win32
		{50E71CCC-A26F-4678-A8B6-4F2B3AA1C021}.Release|x86.Build.0 = Release|Win32
		{FBA12093-4F82-4A5F-9EE5-DDB2E4B98954}.Debug|x64.ActiveCfg = Debug|x64
		{FBA12093-4F82-4A5F-9EE5-DDB2E4B98954}.Debug|x64.Build.0 = Debug|x64
		{FBA12093-4F82-4A5F-9EE5-DDB2E4B98954}.Debug|x86.ActiveCfg = Debug|Win32
		{FBA12093-4F82-4A5F-9EE5-DDB2E4B98954}.Debug|x86.Build.0 = Debug|Win32
		{FBA12093-4F82-4A5F-9EE5-DDB2E4B98954}.Release|x64.ActiveCfg = Release|x64
		{FBA12093-4F82-4A5F-9EE5-DDB2E4B98954}.Release|x64.Build.0 = Release|x64
		{FBA12093-4F82-4A5F-9EE5-DDB2E4B98954}.Release|x86.ActiveCfg = Release|Win32
		{FBA12093-4F82-4A5F-9EE5-DDB2E4B98954}.Release|x86.Build.0 = Release|Win32
		{49CD9730-0AA7-4E5A-A59A-D09F192A5D48}.Debug|x64.ActiveCfg = Debug|x64
		{49CD9730-0AA7-4E5A-A59A-D09F192A5D48}.Debug|x64.Build.0 = Debug|x64
		{49CD9730-0AA7-4E5A-A59A-D09F192A5D48}.Debug|x86.ActiveCfg = Debug|Win32
		{49CD9730-0AA7-4E5A-A59A-D09F192A5D48}.Debug|x86.Build.0 = Debug|Win32
		{49CD9730-0AA7-4E5A-A59A-D09F192A5D48}.Release|x64.ActiveCfg = Release|x64
		{49CD9730-0AA7-4E5A-A59A-D09F192A5D48}.Release|x64.Build.0 = Release|x64
		{49CD9730-0AA7-4E5A-A59A-D09F192A5D48}.Release|x86.ActiveCfg = Release|Win32
		{49CD9730-0AA7-4E5A-A59A-D09F192A5D48}.Release|x86.Build.0 = Release|Win32
		{B6FF3BB9-4E68-495C-B8B3-A1DBD14795CB}.Debug|x64.ActiveCfg = Debug|x64
		{B6FF3BB9-4E68-495C-B8B3-A1DBD14795CB}.Debug|x64.Build.0 = Debug|x64
		{B6FF3BB9-4E68-495C-B8B3-A1DBD14795CB}.Debug|x86.ActiveCfg = Debug|Win32
		{B6FF3BB9-4E68-495C-B8B3-A1DBD14795CB}.Debug|x86.Build.0 = Debug|Win32
		{B6FF3BB9-4E68-495C-B8B3-A1DBD14795CB}.Release|x64.ActiveCfg = Release|x64
		{B6FF3BB9-4E68-495C-B8B3-A1DBD14795CB}.Release|x64.Build.0 = Release|x64
		{B6FF3BB9-4E68-495C-B8B3-A1DBD14795CB}.Release|x86.ActiveCfg = Release|Win32
		{B6FF3BB9-4E68-495C-B8B3-A1DBD14795CB}.Release|x86.Build.0 = Release|Win32
		{4E42A2FF-E419-44F2-8B7A-3D19743AE5F9}.Debug|x64.ActiveCfg = Debug|x64
		{4E42A2FF-E419-44F2-8B7A-3D19743AE5F9}.Debug|x64.Build.0 = Debug|x64
		{4E42A2FF-E419-44F2-8B7A-3D19743AE5F9}.Debug|x86.ActiveCfg = Debug|Win32
		{4E42A2FF-E419-44F2-8B7A-3D19743AE5F9}.Debug|x86.Build.0 = Debug|Win32
		{4E42A2FF-E419-44F2-8B7A-3D19743AE5F9}.Release|x64.ActiveCfg = Release|x64
		{4E42A2FF-E419-44F2-8B7A-3D19743AE5F9}.Release|x64.Build.0 = Release|x64
		{4E42A2FF-E419-44F2-8B7A-3D19743AE5F9}.Release|x86.ActiveCfg = Release|Win32
		{4E42A2FF-E419-44F2-8B7A-3D19743AE5F9}.Release|x86.Build.0 = Release|Win32
		{8CD4EB66-2D50-4A1F-AC14-1E93043F72B2}.Debug|x64.ActiveCfg = Debug|x64
		{8CD4EB66-2D50-4A1F-AC14-1E93043F72B2}.Debug|x64.Build.0 = Debug|x64
		{8CD4EB66-2D50-4A1F-AC14-1E93043F72B2}.Debug|x86.ActiveCfg = Debug|Win32
		{8CD4EB66-2D50-4A1F-AC14-1E93043F72B2}.Debug|x86.Build.0 = Debug|Win32
		{8CD4EB66-2D50-4A1F-AC14-1E93043F72B2}.Release|x64.ActiveCfg = Release|x64
		{8CD4EB66-2D50-4A1F-AC14-1E93043F72B2}.Release|x64.Build.0 = Release|x64
		{8CD4EB66-2D50-4A1F-AC14-1E93043F72B2}.Release|x86.ActiveCfg = Release|Win32
		{8CD4EB66-2D50-4A1F-AC14-1E93043F72B2}.Release|x86.Build.0 = Release|Win32
		{9F127B09-6880-4B5D-81D0-ADD993D06F69}.Debug|x64.ActiveCfg = Debug|x64
		{9F127B09-6880-4B5D-81D0-ADD993D06F69}.Debug|x64.Build.0 = Debug|x64
		{9F127B09-6880-4B5D-81D0-ADD993D06F69}.Debug|x86.ActiveCfg = Debug|Win32
		{9F127B09-6880-4B5D-81D0-ADD993D06F69}.Debug|x86.Build.0 = Debug|Win32
		{9F127B09-6880-4B5D-81D0-ADD993D06F69}.Release|x64.ActiveCfg = Release|x64
		{9F127B09-6880-4B5D-81D0-ADD993D06F69}.Release|x64.Build.0 = Release|x64
		{9F127B09-6880-4B5D-81D0-ADD993D06F69}.Release|x86.ActiveCfg = Release|Win32
		{9F127B09-6880-4B5D-81D0-ADD993D06F69}.Release|x86.Build.0 = Release|Win32
		{9E1BE62A-5B64-4439-BFD6-B98477C9D848}.Debug|x64.ActiveCfg = Debug|x64
		{9E1BE62A-5B64-4439-BFD6-B98477C9D848}.Debug|x64.Build.0 = Debug|x64
		{9E1BE62A-5B64-4439-BFD6-B98477C9D848}.Debug|x86.ActiveCfg = Debug|Win32
		{9E1BE62A-5B64-4439-BFD6-B98477C9D848}.Debug|x86.Build.0 = Debug|Win32
		{9E1BE62A-5B64-4439-BFD6-B98477C9D848}.Release|x64.ActiveCfg = Release|x64
		{9E1BE62A-5B64-4439-BFD6-B98477C9D848}.Release|x64.Build.0 = Release|x64
		{9E1BE62A-5B64-4439-BFD6-B98477C9D848}.Release|x86.ActiveCfg = Release|Win32
		{9E1BE62A-5B64-4439-BFD6-B98477C9D848}.Release|x86.Build.0 = Release|Win32
		{AAD29069-3AC0-4E9F-B490-1AD7E22B03AD}.Debug|x64.ActiveCfg = Debug|x64
		{AAD29069-3AC0-4E9F-B490-1AD7E22B03AD}.Debug|x64.Build.0 = Debug|x64
		{AAD29069-3AC0-4E9F-B490-1AD7E22B03AD}.Debug|x86.ActiveCfg = Debug|Win32
		{AAD29069-3AC0-4E9F-B490-1AD7E22B03AD}.Debug|x86.Build.0 = Debug|Win32
		{AAD29069-3AC0-4E9F-B490-1AD7E22B03AD}.Release|x64.ActiveCfg = Release|x64
		{AAD29069-3AC0-4E9F-B490-1AD7E22B03AD}.Release|x64.Build.0 = Release|x64
		{AAD29069-3AC0-4E9F-B490-1AD7E22B03AD}.Release|x86.ActiveCfg = Release|Win32
		{AAD29069-3AC0-4E9F-B490-1AD7E22B03AD}.Release|x86.Build.0 = Release|Win32
		{F60FCF96-1826-4868-B499-94C7C973147F}.Debug|x64.ActiveCfg = Debug|x64
		{F60FCF96-1826-4868-B499-94C7C973147F}.Debug|x64.Build.0 = Debug|x64
		{F60FCF96-1826-4868-B499-94C7C973147F}.Debug|x86.ActiveCfg = Debug|Win32
		{F60FCF96-1826-4868-B499-94C7C973147F}.Debug|x86.Build.0 = Debug|Win32
		{F60FCF96-1826-4868-B499-94C7C973147F}.Release|x64.ActiveCfg = Release|x64
		{F60FCF96-1826-4868-B499-94C7C973147F}.Release|x64.Build.0 = Release|x64
		{F60FCF96-1826-4868-B499-94C7C973147F}.Release|x86.ActiveCfg = Release|Win32
		{F60FCF96-1826-4868-B499-94C7C973147F}.Release|x86.Build.0 = Release|Win32
		{7C24FD90-7DC6-4B70-BEB8-EBD1D602659E}.Debug|x64.ActiveCfg = Debug|x64
		{7C24FD90-7DC6-4B70-BEB8-EBD1D602659E}.Debug|x64.Build.0 = Debug|x64
		{7C24FD90-7DC6-4B70-BEB8-EBD1D602659E}.Debug|x86.ActiveCfg = Debug|Win32
		{7C24FD90-7DC6-4B70-BEB8-EBD1D602659E}.Debug|x86.Build.0 = Debug|Win32
		{7C24FD90-7DC6-4B70-BEB8-EBD1D602659E}.Release|x64.ActiveCfg = Release|x64
		{7C24FD90-7DC6-4B70-BEB8-EBD1D602659E}.Release|x64.Build.0 = Release|x64
		{7C24FD90-7DC6-4B70-BEB8-EBD1D602659E}.Release|x86.ActiveCfg = Release|Win32
		{7C24FD90-7DC6-4B70-BEB8-EBD1D602659E}.Release|x86.Build.0 = Release|Win32
		{DBD153F1-4DCA-4FAD-B29E-028BABC3FC79}.Debug|x64.ActiveCfg = Debug|x64
		{DBD153F1-4DCA-4FAD-B29E-028BABC3FC79}.Debug|x64.Build.0 = Debug|x64
		{DBD153F1-4DCA-4FAD-B29E-028BABC3FC79}.Debug|x86.ActiveCfg = Debug|Win32
		{DBD153F1-4DCA-4FAD-B29E-028BABC3FC79}.Debug|x86.Build.0 = Debug|Win32
		{DBD153F1-4DCA-4FAD-B29E-028BABC3FC79}.Release|x64.ActiveCfg = Release|x64
		{DBD153F1-4DCA-4FAD-B29E-028BABC3FC79}.Release|x64.Build.0 = Release|x64
		{DBD153F1-4DCA-4FAD-B29E-028BABC3FC79}.Release|x86.ActiveCfg = Release|Win32
		{DBD153F1-4DCA-4FAD-B29E-028BABC3FC79}.Release|x86.Build.0 = Release|Win32
	EndGlobalSection
	GlobalSection(SolutionProperties) = preSolution
		HideSolutionNode = FALSE
	EndGlobalSection
	GlobalSection(ExtensibilityGlobals) = postSolution
		SolutionGuid = {DCBE1C09-074D-4A1A-AFE1-A20ED57F2EF3}
	EndGlobalSection
EndGlobal
