
Microsoft Visual Studio Solution File, Format Version 12.00
# Visual Studio Version 16
VisualStudioVersion = 16.0.30114.105
MinimumVisualStudioVersion = 10.0.40219.1
Project("{8BC9CEB8-8B4A-11D0-8D11-00A0C91BC942}") = "ExceptSample1", "ExceptSample1\ExceptSample1.vcxproj", "{0910868B-1430-4898-8698-002235C155C8}"
EndProject
Project("{8BC9CEB8-8B4A-11D0-8D11-00A0C91BC942}") = "ExceptSample2", "ExceptSample2\ExceptSample2.vcxproj", "{D423280C-D2D3-4960-8666-2CE9BFDE890A}"
EndProject
Project("{8BC9CEB8-8B4A-11D0-8D11-00A0C91BC942}") = "ExceptSample3", "ExceptSample3\ExceptSample3.vcxproj", "{501214FB-FAEF-4F0D-8A9E-C6BA2ADA6AFF}"
EndProject
Project("{8BC9CEB8-8B4A-11D0-8D11-00A0C91BC942}") = "Multicatch", "Multicatch\Multicatch.vcxproj", "{EED1C73F-89A4-489D-91BE-34F3CF86A9F8}"
EndProject
Project("{8BC9CEB8-8B4A-11D0-8D11-00A0C91BC942}") = "ExceptClass", "ExceptClass\ExceptClass.vcxproj", "{79BEA74D-300E-4C1B-81DD-3AB291E9C0D3}"
EndProject
Project("{8BC9CEB8-8B4A-11D0-8D11-00A0C91BC942}") = "ExceptStack", "ExceptStack\ExceptStack.vcxproj", "{CD962281-A460-4D73-8E70-8A58426FCF54}"
EndProject
Project("{8BC9CEB8-8B4A-11D0-8D11-00A0C91BC942}") = "ExceptAlloc", "ExceptAlloc\ExceptAlloc.vcxproj", "{9226555F-3DCE-4363-B44E-7EE1EA1009BC}"
EndProject
Global
	GlobalSection(SolutionConfigurationPlatforms) = preSolution
		Debug|x64 = Debug|x64
		Debug|x86 = Debug|x86
		Release|x64 = Release|x64
		Release|x86 = Release|x86
	EndGlobalSection
	GlobalSection(ProjectConfigurationPlatforms) = postSolution
		{0910868B-1430-4898-8698-002235C155C8}.Debug|x64.ActiveCfg = Debug|x64
		{0910868B-1430-4898-8698-002235C155C8}.Debug|x64.Build.0 = Debug|x64
		{0910868B-1430-4898-8698-002235C155C8}.Debug|x86.ActiveCfg = Debug|Win32
		{0910868B-1430-4898-8698-002235C155C8}.Debug|x86.Build.0 = Debug|Win32
		{0910868B-1430-4898-8698-002235C155C8}.Release|x64.ActiveCfg = Release|x64
		{0910868B-1430-4898-8698-002235C155C8}.Release|x64.Build.0 = Release|x64
		{0910868B-1430-4898-8698-002235C155C8}.Release|x86.ActiveCfg = Release|Win32
		{0910868B-1430-4898-8698-002235C155C8}.Release|x86.Build.0 = Release|Win32
		{D423280C-D2D3-4960-8666-2CE9BFDE890A}.Debug|x64.ActiveCfg = Debug|x64
		{D423280C-D2D3-4960-8666-2CE9BFDE890A}.Debug|x64.Build.0 = Debug|x64
		{D423280C-D2D3-4960-8666-2CE9BFDE890A}.Debug|x86.ActiveCfg = Debug|Win32
		{D423280C-D2D3-4960-8666-2CE9BFDE890A}.Debug|x86.Build.0 = Debug|Win32
		{D423280C-D2D3-4960-8666-2CE9BFDE890A}.Release|x64.ActiveCfg = Release|x64
		{D423280C-D2D3-4960-8666-2CE9BFDE890A}.Release|x64.Build.0 = Release|x64
		{D423280C-D2D3-4960-8666-2CE9BFDE890A}.Release|x86.ActiveCfg = Release|Win32
		{D423280C-D2D3-4960-8666-2CE9BFDE890A}.Release|x86.Build.0 = Release|Win32
		{501214FB-FAEF-4F0D-8A9E-C6BA2ADA6AFF}.Debug|x64.ActiveCfg = Debug|x64
		{501214FB-FAEF-4F0D-8A9E-C6BA2ADA6AFF}.Debug|x64.Build.0 = Debug|x64
		{501214FB-FAEF-4F0D-8A9E-C6BA2ADA6AFF}.Debug|x86.ActiveCfg = Debug|Win32
		{501214FB-FAEF-4F0D-8A9E-C6BA2ADA6AFF}.Debug|x86.Build.0 = Debug|Win32
		{501214FB-FAEF-4F0D-8A9E-C6BA2ADA6AFF}.Release|x64.ActiveCfg = Release|x64
		{501214FB-FAEF-4F0D-8A9E-C6BA2ADA6AFF}.Release|x64.Build.0 = Release|x64
		{501214FB-FAEF-4F0D-8A9E-C6BA2ADA6AFF}.Release|x86.ActiveCfg = Release|Win32
		{501214FB-FAEF-4F0D-8A9E-C6BA2ADA6AFF}.Release|x86.Build.0 = Release|Win32
		{EED1C73F-89A4-489D-91BE-34F3CF86A9F8}.Debug|x64.ActiveCfg = Debug|x64
		{EED1C73F-89A4-489D-91BE-34F3CF86A9F8}.Debug|x64.Build.0 = Debug|x64
		{EED1C73F-89A4-489D-91BE-34F3CF86A9F8}.Debug|x86.ActiveCfg = Debug|Win32
		{EED1C73F-89A4-489D-91BE-34F3CF86A9F8}.Debug|x86.Build.0 = Debug|Win32
		{EED1C73F-89A4-489D-91BE-34F3CF86A9F8}.Release|x64.ActiveCfg = Release|x64
		{EED1C73F-89A4-489D-91BE-34F3CF86A9F8}.Release|x64.Build.0 = Release|x64
		{EED1C73F-89A4-489D-91BE-34F3CF86A9F8}.Release|x86.ActiveCfg = Release|Win32
		{EED1C73F-89A4-489D-91BE-34F3CF86A9F8}.Release|x86.Build.0 = Release|Win32
		{79BEA74D-300E-4C1B-81DD-3AB291E9C0D3}.Debug|x64.ActiveCfg = Debug|x64
		{79BEA74D-300E-4C1B-81DD-3AB291E9C0D3}.Debug|x64.Build.0 = Debug|x64
		{79BEA74D-300E-4C1B-81DD-3AB291E9C0D3}.Debug|x86.ActiveCfg = Debug|Win32
		{79BEA74D-300E-4C1B-81DD-3AB291E9C0D3}.Debug|x86.Build.0 = Debug|Win32
		{79BEA74D-300E-4C1B-81DD-3AB291E9C0D3}.Release|x64.ActiveCfg = Release|x64
		{79BEA74D-300E-4C1B-81DD-3AB291E9C0D3}.Release|x64.Build.0 = Release|x64
		{79BEA74D-300E-4C1B-81DD-3AB291E9C0D3}.Release|x86.ActiveCfg = Release|Win32
		{79BEA74D-300E-4C1B-81DD-3AB291E9C0D3}.Release|x86.Build.0 = Release|Win32
		{CD962281-A460-4D73-8E70-8A58426FCF54}.Debug|x64.ActiveCfg = Debug|x64
		{CD962281-A460-4D73-8E70-8A58426FCF54}.Debug|x64.Build.0 = Debug|x64
		{CD962281-A460-4D73-8E70-8A58426FCF54}.Debug|x86.ActiveCfg = Debug|Win32
		{CD962281-A460-4D73-8E70-8A58426FCF54}.Debug|x86.Build.0 = Debug|Win32
		{CD962281-A460-4D73-8E70-8A58426FCF54}.Release|x64.ActiveCfg = Release|x64
		{CD962281-A460-4D73-8E70-8A58426FCF54}.Release|x64.Build.0 = Release|x64
		{CD962281-A460-4D73-8E70-8A58426FCF54}.Release|x86.ActiveCfg = Release|Win32
		{CD962281-A460-4D73-8E70-8A58426FCF54}.Release|x86.Build.0 = Release|Win32
		{9226555F-3DCE-4363-B44E-7EE1EA1009BC}.Debug|x64.ActiveCfg = Debug|x64
		{9226555F-3DCE-4363-B44E-7EE1EA1009BC}.Debug|x64.Build.0 = Debug|x64
		{9226555F-3DCE-4363-B44E-7EE1EA1009BC}.Debug|x86.ActiveCfg = Debug|Win32
		{9226555F-3DCE-4363-B44E-7EE1EA1009BC}.Debug|x86.Build.0 = Debug|Win32
		{9226555F-3DCE-4363-B44E-7EE1EA1009BC}.Release|x64.ActiveCfg = Release|x64
		{9226555F-3DCE-4363-B44E-7EE1EA1009BC}.Release|x64.Build.0 = Release|x64
		{9226555F-3DCE-4363-B44E-7EE1EA1009BC}.Release|x86.ActiveCfg = Release|Win32
		{9226555F-3DCE-4363-B44E-7EE1EA1009BC}.Release|x86.Build.0 = Release|Win32
	EndGlobalSection
	GlobalSection(SolutionProperties) = preSolution
		HideSolutionNode = FALSE
	EndGlobalSection
	GlobalSection(ExtensibilityGlobals) = postSolution
		SolutionGuid = {E3ABD691-1832-430E-B656-2066DD8C37DC}
	EndGlobalSection
EndGlobal
