
Microsoft Visual Studio Solution File, Format Version 12.00
# Visual Studio Version 16
VisualStudioVersion = 16.0.30011.22
MinimumVisualStudioVersion = 10.0.40219.1
Project("{8BC9CEB8-8B4A-11D0-8D11-00A0C91BC942}") = "HelloOOP1", "HelloOOP1\HelloOOP1.vcxproj", "{0108633C-A1BB-425F-A803-D5025831E55F}"
EndProject
Project("{8BC9CEB8-8B4A-11D0-8D11-00A0C91BC942}") = "HelloOOP2", "HelloOOP2\HelloOOP2.vcxproj", "{B5F150CB-9A11-4772-99A2-F9C3DDCCC4AA}"
EndProject
Project("{8BC9CEB8-8B4A-11D0-8D11-00A0C91BC942}") = "HelloOOP3", "HelloOOP3\HelloOOP3.vcxproj", "{A459AF02-4130-46EB-89BA-8D26F6A05A14}"
EndProject
Project("{8BC9CEB8-8B4A-11D0-8D11-00A0C91BC942}") = "HelloOOP", "HelloOOP\HelloOOP.vcxproj", "{55197ECF-5C41-4FBF-AFCD-DC2C8CBC8C12}"
EndProject
Project("{8BC9CEB8-8B4A-11D0-8D11-00A0C91BC942}") = "MemberInit1", "MemberInit1\MemberInit1.vcxproj", "{024F627B-C63F-4A30-A484-A53B02118CBB}"
EndProject
Project("{8BC9CEB8-8B4A-11D0-8D11-00A0C91BC942}") = "MemberInit2", "MemberInit2\MemberInit2.vcxproj", "{AAC4A7B9-D450-48BA-B7F5-D6F0D7EB0188}"
EndProject
Project("{8BC9CEB8-8B4A-11D0-8D11-00A0C91BC942}") = "MemberInit3", "MemberInit3\MemberInit3.vcxproj", "{A49B5911-AAA1-4BA6-80E2-41BE91A2FA86}"
EndProject
Project("{8BC9CEB8-8B4A-11D0-8D11-00A0C91BC942}") = "MemberInit4", "MemberInit4\MemberInit4.vcxproj", "{3C41F818-145D-41AF-BA2C-62A66390B041}"
EndProject
Project("{8BC9CEB8-8B4A-11D0-8D11-00A0C91BC942}") = "AccessCtrl", "AccessCtrl\AccessCtrl.vcxproj", "{37E97BAB-6847-4DFF-9686-E071BD804365}"
EndProject
Project("{8BC9CEB8-8B4A-11D0-8D11-00A0C91BC942}") = "Constructor1", "Constructor1\Constructor1.vcxproj", "{B88B2393-BE74-4153-97DA-83B8BDA848AC}"
EndProject
Project("{8BC9CEB8-8B4A-11D0-8D11-00A0C91BC942}") = "Constructor2", "Constructor2\Constructor2.vcxproj", "{314A605B-1360-438A-A46F-13F59EE01C43}"
EndProject
Project("{8BC9CEB8-8B4A-11D0-8D11-00A0C91BC942}") = "ClassNew", "ClassNew\ClassNew.vcxproj", "{4751E857-7601-4E33-87BD-F66B08E1205B}"
EndProject
Project("{8BC9CEB8-8B4A-11D0-8D11-00A0C91BC942}") = "RefSample", "RefSample\RefSample.vcxproj", "{980407CB-D2E3-405A-BD13-2C644A284CA8}"
EndProject
Project("{8BC9CEB8-8B4A-11D0-8D11-00A0C91BC942}") = "ConstructorOver1", "ConstructorOver1\ConstructorOver1.vcxproj", "{0E5210B6-F470-495F-B6B5-34AC102C828A}"
EndProject
Project("{8BC9CEB8-8B4A-11D0-8D11-00A0C91BC942}") = "ConstructorOver2", "ConstructorOver2\ConstructorOver2.vcxproj", "{62A3A6E0-8DA3-49E2-9820-7C10A480CCCD}"
EndProject
Project("{8BC9CEB8-8B4A-11D0-8D11-00A0C91BC942}") = "ExpDefaultConstructor", "ExpDefaultConstructor\ExpDefaultConstructor.vcxproj", "{250C5E37-FDB1-4344-9208-811064F883AB}"
EndProject
Project("{8BC9CEB8-8B4A-11D0-8D11-00A0C91BC942}") = "ThisPointer", "ThisPointer\ThisPointer.vcxproj", "{7D6A4C98-EEC6-47DF-8655-F5CA0BC9206B}"
EndProject
Project("{8BC9CEB8-8B4A-11D0-8D11-00A0C91BC942}") = "StringCtrlSample", "StringCtrlSample\StringCtrlSample.vcxproj", "{7187E998-AA9E-4D1F-A91E-20E0E48A672C}"
EndProject
Project("{8BC9CEB8-8B4A-11D0-8D11-00A0C91BC942}") = "ConstMethod1", "ConstMethod1\ConstMethod1.vcxproj", "{9E93551D-A3C7-4A57-82B6-93F44E3FB55F}"
EndProject
Project("{8BC9CEB8-8B4A-11D0-8D11-00A0C91BC942}") = "ConstMethod2", "ConstMethod2\ConstMethod2.vcxproj", "{684D94FD-CA5E-48B2-A5E5-AC485F62709F}"
EndProject
Project("{8BC9CEB8-8B4A-11D0-8D11-00A0C91BC942}") = "ConstCastSample", "ConstCastSample\ConstCastSample.vcxproj", "{F1F5B9D8-CF18-481C-BFE8-C827C4C0070B}"
EndProject
Project("{8BC9CEB8-8B4A-11D0-8D11-00A0C91BC942}") = "MemberNotOver", "MemberNotOver\MemberNotOver.vcxproj", "{FFC415CD-B9A8-49EB-8919-261DA22C3706}"
EndProject
Project("{8BC9CEB8-8B4A-11D0-8D11-00A0C91BC942}") = "MemberOver1", "MemberOver1\MemberOver1.vcxproj", "{9A700025-8923-410C-9174-B6F96479927A}"
EndProject
Project("{8BC9CEB8-8B4A-11D0-8D11-00A0C91BC942}") = "MemberOver2", "MemberOver2\MemberOver2.vcxproj", "{157E0D39-4EFC-4451-A58D-EFD6A479EB3C}"
EndProject
Project("{8BC9CEB8-8B4A-11D0-8D11-00A0C91BC942}") = "StaticMember", "StaticMember\StaticMember.vcxproj", "{CC127CFE-1F95-40E7-A535-E8AA438C0CA5}"
EndProject
Global
	GlobalSection(SolutionConfigurationPlatforms) = preSolution
		Debug|x64 = Debug|x64
		Debug|x86 = Debug|x86
		Release|x64 = Release|x64
		Release|x86 = Release|x86
	EndGlobalSection
	GlobalSection(ProjectConfigurationPlatforms) = postSolution
		{0108633C-A1BB-425F-A803-D5025831E55F}.Debug|x64.ActiveCfg = Debug|x64
		{0108633C-A1BB-425F-A803-D5025831E55F}.Debug|x64.Build.0 = Debug|x64
		{0108633C-A1BB-425F-A803-D5025831E55F}.Debug|x86.ActiveCfg = Debug|Win32
		{0108633C-A1BB-425F-A803-D5025831E55F}.Debug|x86.Build.0 = Debug|Win32
		{0108633C-A1BB-425F-A803-D5025831E55F}.Release|x64.ActiveCfg = Release|x64
		{0108633C-A1BB-425F-A803-D5025831E55F}.Release|x64.Build.0 = Release|x64
		{0108633C-A1BB-425F-A803-D5025831E55F}.Release|x86.ActiveCfg = Release|Win32
		{0108633C-A1BB-425F-A803-D5025831E55F}.Release|x86.Build.0 = Release|Win32
		{B5F150CB-9A11-4772-99A2-F9C3DDCCC4AA}.Debug|x64.ActiveCfg = Debug|x64
		{B5F150CB-9A11-4772-99A2-F9C3DDCCC4AA}.Debug|x64.Build.0 = Debug|x64
		{B5F150CB-9A11-4772-99A2-F9C3DDCCC4AA}.Debug|x86.ActiveCfg = Debug|Win32
		{B5F150CB-9A11-4772-99A2-F9C3DDCCC4AA}.Debug|x86.Build.0 = Debug|Win32
		{B5F150CB-9A11-4772-99A2-F9C3DDCCC4AA}.Release|x64.ActiveCfg = Release|x64
		{B5F150CB-9A11-4772-99A2-F9C3DDCCC4AA}.Release|x64.Build.0 = Release|x64
		{B5F150CB-9A11-4772-99A2-F9C3DDCCC4AA}.Release|x86.ActiveCfg = Release|Win32
		{B5F150CB-9A11-4772-99A2-F9C3DDCCC4AA}.Release|x86.Build.0 = Release|Win32
		{A459AF02-4130-46EB-89BA-8D26F6A05A14}.Debug|x64.ActiveCfg = Debug|x64
		{A459AF02-4130-46EB-89BA-8D26F6A05A14}.Debug|x64.Build.0 = Debug|x64
		{A459AF02-4130-46EB-89BA-8D26F6A05A14}.Debug|x86.ActiveCfg = Debug|Win32
		{A459AF02-4130-46EB-89BA-8D26F6A05A14}.Debug|x86.Build.0 = Debug|Win32
		{A459AF02-4130-46EB-89BA-8D26F6A05A14}.Release|x64.ActiveCfg = Release|x64
		{A459AF02-4130-46EB-89BA-8D26F6A05A14}.Release|x64.Build.0 = Release|x64
		{A459AF02-4130-46EB-89BA-8D26F6A05A14}.Release|x86.ActiveCfg = Release|Win32
		{A459AF02-4130-46EB-89BA-8D26F6A05A14}.Release|x86.Build.0 = Release|Win32
		{55197ECF-5C41-4FBF-AFCD-DC2C8CBC8C12}.Debug|x64.ActiveCfg = Debug|x64
		{55197ECF-5C41-4FBF-AFCD-DC2C8CBC8C12}.Debug|x64.Build.0 = Debug|x64
		{55197ECF-5C41-4FBF-AFCD-DC2C8CBC8C12}.Debug|x86.ActiveCfg = Debug|Win32
		{55197ECF-5C41-4FBF-AFCD-DC2C8CBC8C12}.Debug|x86.Build.0 = Debug|Win32
		{55197ECF-5C41-4FBF-AFCD-DC2C8CBC8C12}.Release|x64.ActiveCfg = Release|x64
		{55197ECF-5C41-4FBF-AFCD-DC2C8CBC8C12}.Release|x64.Build.0 = Release|x64
		{55197ECF-5C41-4FBF-AFCD-DC2C8CBC8C12}.Release|x86.ActiveCfg = Release|Win32
		{55197ECF-5C41-4FBF-AFCD-DC2C8CBC8C12}.Release|x86.Build.0 = Release|Win32
		{024F627B-C63F-4A30-A484-A53B02118CBB}.Debug|x64.ActiveCfg = Debug|x64
		{024F627B-C63F-4A30-A484-A53B02118CBB}.Debug|x64.Build.0 = Debug|x64
		{024F627B-C63F-4A30-A484-A53B02118CBB}.Debug|x86.ActiveCfg = Debug|Win32
		{024F627B-C63F-4A30-A484-A53B02118CBB}.Debug|x86.Build.0 = Debug|Win32
		{024F627B-C63F-4A30-A484-A53B02118CBB}.Release|x64.ActiveCfg = Release|x64
		{024F627B-C63F-4A30-A484-A53B02118CBB}.Release|x64.Build.0 = Release|x64
		{024F627B-C63F-4A30-A484-A53B02118CBB}.Release|x86.ActiveCfg = Release|Win32
		{024F627B-C63F-4A30-A484-A53B02118CBB}.Release|x86.Build.0 = Release|Win32
		{AAC4A7B9-D450-48BA-B7F5-D6F0D7EB0188}.Debug|x64.ActiveCfg = Debug|x64
		{AAC4A7B9-D450-48BA-B7F5-D6F0D7EB0188}.Debug|x64.Build.0 = Debug|x64
		{AAC4A7B9-D450-48BA-B7F5-D6F0D7EB0188}.Debug|x86.ActiveCfg = Debug|Win32
		{AAC4A7B9-D450-48BA-B7F5-D6F0D7EB0188}.Debug|x86.Build.0 = Debug|Win32
		{AAC4A7B9-D450-48BA-B7F5-D6F0D7EB0188}.Release|x64.ActiveCfg = Release|x64
		{AAC4A7B9-D450-48BA-B7F5-D6F0D7EB0188}.Release|x64.Build.0 = Release|x64
		{AAC4A7B9-D450-48BA-B7F5-D6F0D7EB0188}.Release|x86.ActiveCfg = Release|Win32
		{AAC4A7B9-D450-48BA-B7F5-D6F0D7EB0188}.Release|x86.Build.0 = Release|Win32
		{A49B5911-AAA1-4BA6-80E2-41BE91A2FA86}.Debug|x64.ActiveCfg = Debug|x64
		{A49B5911-AAA1-4BA6-80E2-41BE91A2FA86}.Debug|x64.Build.0 = Debug|x64
		{A49B5911-AAA1-4BA6-80E2-41BE91A2FA86}.Debug|x86.ActiveCfg = Debug|Win32
		{A49B5911-AAA1-4BA6-80E2-41BE91A2FA86}.Debug|x86.Build.0 = Debug|Win32
		{A49B5911-AAA1-4BA6-80E2-41BE91A2FA86}.Release|x64.ActiveCfg = Release|x64
		{A49B5911-AAA1-4BA6-80E2-41BE91A2FA86}.Release|x64.Build.0 = Release|x64
		{A49B5911-AAA1-4BA6-80E2-41BE91A2FA86}.Release|x86.ActiveCfg = Release|Win32
		{A49B5911-AAA1-4BA6-80E2-41BE91A2FA86}.Release|x86.Build.0 = Release|Win32
		{3C41F818-145D-41AF-BA2C-62A66390B041}.Debug|x64.ActiveCfg = Debug|x64
		{3C41F818-145D-41AF-BA2C-62A66390B041}.Debug|x64.Build.0 = Debug|x64
		{3C41F818-145D-41AF-BA2C-62A66390B041}.Debug|x86.ActiveCfg = Debug|Win32
		{3C41F818-145D-41AF-BA2C-62A66390B041}.Debug|x86.Build.0 = Debug|Win32
		{3C41F818-145D-41AF-BA2C-62A66390B041}.Release|x64.ActiveCfg = Release|x64
		{3C41F818-145D-41AF-BA2C-62A66390B041}.Release|x64.Build.0 = Release|x64
		{3C41F818-145D-41AF-BA2C-62A66390B041}.Release|x86.ActiveCfg = Release|Win32
		{3C41F818-145D-41AF-BA2C-62A66390B041}.Release|x86.Build.0 = Release|Win32
		{37E97BAB-6847-4DFF-9686-E071BD804365}.Debug|x64.ActiveCfg = Debug|x64
		{37E97BAB-6847-4DFF-9686-E071BD804365}.Debug|x64.Build.0 = Debug|x64
		{37E97BAB-6847-4DFF-9686-E071BD804365}.Debug|x86.ActiveCfg = Debug|Win32
		{37E97BAB-6847-4DFF-9686-E071BD804365}.Debug|x86.Build.0 = Debug|Win32
		{37E97BAB-6847-4DFF-9686-E071BD804365}.Release|x64.ActiveCfg = Release|x64
		{37E97BAB-6847-4DFF-9686-E071BD804365}.Release|x64.Build.0 = Release|x64
		{37E97BAB-6847-4DFF-9686-E071BD804365}.Release|x86.ActiveCfg = Release|Win32
		{37E97BAB-6847-4DFF-9686-E071BD804365}.Release|x86.Build.0 = Release|Win32
		{B88B2393-BE74-4153-97DA-83B8BDA848AC}.Debug|x64.ActiveCfg = Debug|x64
		{B88B2393-BE74-4153-97DA-83B8BDA848AC}.Debug|x64.Build.0 = Debug|x64
		{B88B2393-BE74-4153-97DA-83B8BDA848AC}.Debug|x86.ActiveCfg = Debug|Win32
		{B88B2393-BE74-4153-97DA-83B8BDA848AC}.Debug|x86.Build.0 = Debug|Win32
		{B88B2393-BE74-4153-97DA-83B8BDA848AC}.Release|x64.ActiveCfg = Release|x64
		{B88B2393-BE74-4153-97DA-83B8BDA848AC}.Release|x64.Build.0 = Release|x64
		{B88B2393-BE74-4153-97DA-83B8BDA848AC}.Release|x86.ActiveCfg = Release|Win32
		{B88B2393-BE74-4153-97DA-83B8BDA848AC}.Release|x86.Build.0 = Release|Win32
		{314A605B-1360-438A-A46F-13F59EE01C43}.Debug|x64.ActiveCfg = Debug|x64
		{314A605B-1360-438A-A46F-13F59EE01C43}.Debug|x64.Build.0 = Debug|x64
		{314A605B-1360-438A-A46F-13F59EE01C43}.Debug|x86.ActiveCfg = Debug|Win32
		{314A605B-1360-438A-A46F-13F59EE01C43}.Debug|x86.Build.0 = Debug|Win32
		{314A605B-1360-438A-A46F-13F59EE01C43}.Release|x64.ActiveCfg = Release|x64
		{314A605B-1360-438A-A46F-13F59EE01C43}.Release|x64.Build.0 = Release|x64
		{314A605B-1360-438A-A46F-13F59EE01C43}.Release|x86.ActiveCfg = Release|Win32
		{314A605B-1360-438A-A46F-13F59EE01C43}.Release|x86.Build.0 = Release|Win32
		{4751E857-7601-4E33-87BD-F66B08E1205B}.Debug|x64.ActiveCfg = Debug|x64
		{4751E857-7601-4E33-87BD-F66B08E1205B}.Debug|x64.Build.0 = Debug|x64
		{4751E857-7601-4E33-87BD-F66B08E1205B}.Debug|x86.ActiveCfg = Debug|Win32
		{4751E857-7601-4E33-87BD-F66B08E1205B}.Debug|x86.Build.0 = Debug|Win32
		{4751E857-7601-4E33-87BD-F66B08E1205B}.Release|x64.ActiveCfg = Release|x64
		{4751E857-7601-4E33-87BD-F66B08E1205B}.Release|x64.Build.0 = Release|x64
		{4751E857-7601-4E33-87BD-F66B08E1205B}.Release|x86.ActiveCfg = Release|Win32
		{4751E857-7601-4E33-87BD-F66B08E1205B}.Release|x86.Build.0 = Release|Win32
		{980407CB-D2E3-405A-BD13-2C644A284CA8}.Debug|x64.ActiveCfg = Debug|x64
		{980407CB-D2E3-405A-BD13-2C644A284CA8}.Debug|x64.Build.0 = Debug|x64
		{980407CB-D2E3-405A-BD13-2C644A284CA8}.Debug|x86.ActiveCfg = Debug|Win32
		{980407CB-D2E3-405A-BD13-2C644A284CA8}.Debug|x86.Build.0 = Debug|Win32
		{980407CB-D2E3-405A-BD13-2C644A284CA8}.Release|x64.ActiveCfg = Release|x64
		{980407CB-D2E3-405A-BD13-2C644A284CA8}.Release|x64.Build.0 = Release|x64
		{980407CB-D2E3-405A-BD13-2C644A284CA8}.Release|x86.ActiveCfg = Release|Win32
		{980407CB-D2E3-405A-BD13-2C644A284CA8}.Release|x86.Build.0 = Release|Win32
		{0E5210B6-F470-495F-B6B5-34AC102C828A}.Debug|x64.ActiveCfg = Debug|x64
		{0E5210B6-F470-495F-B6B5-34AC102C828A}.Debug|x64.Build.0 = Debug|x64
		{0E5210B6-F470-495F-B6B5-34AC102C828A}.Debug|x86.ActiveCfg = Debug|Win32
		{0E5210B6-F470-495F-B6B5-34AC102C828A}.Debug|x86.Build.0 = Debug|Win32
		{0E5210B6-F470-495F-B6B5-34AC102C828A}.Release|x64.ActiveCfg = Release|x64
		{0E5210B6-F470-495F-B6B5-34AC102C828A}.Release|x64.Build.0 = Release|x64
		{0E5210B6-F470-495F-B6B5-34AC102C828A}.Release|x86.ActiveCfg = Release|Win32
		{0E5210B6-F470-495F-B6B5-34AC102C828A}.Release|x86.Build.0 = Release|Win32
		{62A3A6E0-8DA3-49E2-9820-7C10A480CCCD}.Debug|x64.ActiveCfg = Debug|x64
		{62A3A6E0-8DA3-49E2-9820-7C10A480CCCD}.Debug|x64.Build.0 = Debug|x64
		{62A3A6E0-8DA3-49E2-9820-7C10A480CCCD}.Debug|x86.ActiveCfg = Debug|Win32
		{62A3A6E0-8DA3-49E2-9820-7C10A480CCCD}.Debug|x86.Build.0 = Debug|Win32
		{62A3A6E0-8DA3-49E2-9820-7C10A480CCCD}.Release|x64.ActiveCfg = Release|x64
		{62A3A6E0-8DA3-49E2-9820-7C10A480CCCD}.Release|x64.Build.0 = Release|x64
		{62A3A6E0-8DA3-49E2-9820-7C10A480CCCD}.Release|x86.ActiveCfg = Release|Win32
		{62A3A6E0-8DA3-49E2-9820-7C10A480CCCD}.Release|x86.Build.0 = Release|Win32
		{250C5E37-FDB1-4344-9208-811064F883AB}.Debug|x64.ActiveCfg = Debug|x64
		{250C5E37-FDB1-4344-9208-811064F883AB}.Debug|x64.Build.0 = Debug|x64
		{250C5E37-FDB1-4344-9208-811064F883AB}.Debug|x86.ActiveCfg = Debug|Win32
		{250C5E37-FDB1-4344-9208-811064F883AB}.Debug|x86.Build.0 = Debug|Win32
		{250C5E37-FDB1-4344-9208-811064F883AB}.Release|x64.ActiveCfg = Release|x64
		{250C5E37-FDB1-4344-9208-811064F883AB}.Release|x64.Build.0 = Release|x64
		{250C5E37-FDB1-4344-9208-811064F883AB}.Release|x86.ActiveCfg = Release|Win32
		{250C5E37-FDB1-4344-9208-811064F883AB}.Release|x86.Build.0 = Release|Win32
		{7D6A4C98-EEC6-47DF-8655-F5CA0BC9206B}.Debug|x64.ActiveCfg = Debug|x64
		{7D6A4C98-EEC6-47DF-8655-F5CA0BC9206B}.Debug|x64.Build.0 = Debug|x64
		{7D6A4C98-EEC6-47DF-8655-F5CA0BC9206B}.Debug|x86.ActiveCfg = Debug|Win32
		{7D6A4C98-EEC6-47DF-8655-F5CA0BC9206B}.Debug|x86.Build.0 = Debug|Win32
		{7D6A4C98-EEC6-47DF-8655-F5CA0BC9206B}.Release|x64.ActiveCfg = Release|x64
		{7D6A4C98-EEC6-47DF-8655-F5CA0BC9206B}.Release|x64.Build.0 = Release|x64
		{7D6A4C98-EEC6-47DF-8655-F5CA0BC9206B}.Release|x86.ActiveCfg = Release|Win32
		{7D6A4C98-EEC6-47DF-8655-F5CA0BC9206B}.Release|x86.Build.0 = Release|Win32
		{7187E998-AA9E-4D1F-A91E-20E0E48A672C}.Debug|x64.ActiveCfg = Debug|x64
		{7187E998-AA9E-4D1F-A91E-20E0E48A672C}.Debug|x64.Build.0 = Debug|x64
		{7187E998-AA9E-4D1F-A91E-20E0E48A672C}.Debug|x86.ActiveCfg = Debug|Win32
		{7187E998-AA9E-4D1F-A91E-20E0E48A672C}.Debug|x86.Build.0 = Debug|Win32
		{7187E998-AA9E-4D1F-A91E-20E0E48A672C}.Release|x64.ActiveCfg = Release|x64
		{7187E998-AA9E-4D1F-A91E-20E0E48A672C}.Release|x64.Build.0 = Release|x64
		{7187E998-AA9E-4D1F-A91E-20E0E48A672C}.Release|x86.ActiveCfg = Release|Win32
		{7187E998-AA9E-4D1F-A91E-20E0E48A672C}.Release|x86.Build.0 = Release|Win32
		{9E93551D-A3C7-4A57-82B6-93F44E3FB55F}.Debug|x64.ActiveCfg = Debug|x64
		{9E93551D-A3C7-4A57-82B6-93F44E3FB55F}.Debug|x64.Build.0 = Debug|x64
		{9E93551D-A3C7-4A57-82B6-93F44E3FB55F}.Debug|x86.ActiveCfg = Debug|Win32
		{9E93551D-A3C7-4A57-82B6-93F44E3FB55F}.Debug|x86.Build.0 = Debug|Win32
		{9E93551D-A3C7-4A57-82B6-93F44E3FB55F}.Release|x64.ActiveCfg = Release|x64
		{9E93551D-A3C7-4A57-82B6-93F44E3FB55F}.Release|x64.Build.0 = Release|x64
		{9E93551D-A3C7-4A57-82B6-93F44E3FB55F}.Release|x86.ActiveCfg = Release|Win32
		{9E93551D-A3C7-4A57-82B6-93F44E3FB55F}.Release|x86.Build.0 = Release|Win32
		{684D94FD-CA5E-48B2-A5E5-AC485F62709F}.Debug|x64.ActiveCfg = Debug|x64
		{684D94FD-CA5E-48B2-A5E5-AC485F62709F}.Debug|x64.Build.0 = Debug|x64
		{684D94FD-CA5E-48B2-A5E5-AC485F62709F}.Debug|x86.ActiveCfg = Debug|Win32
		{684D94FD-CA5E-48B2-A5E5-AC485F62709F}.Debug|x86.Build.0 = Debug|Win32
		{684D94FD-CA5E-48B2-A5E5-AC485F62709F}.Release|x64.ActiveCfg = Release|x64
		{684D94FD-CA5E-48B2-A5E5-AC485F62709F}.Release|x64.Build.0 = Release|x64
		{684D94FD-CA5E-48B2-A5E5-AC485F62709F}.Release|x86.ActiveCfg = Release|Win32
		{684D94FD-CA5E-48B2-A5E5-AC485F62709F}.Release|x86.Build.0 = Release|Win32
		{F1F5B9D8-CF18-481C-BFE8-C827C4C0070B}.Debug|x64.ActiveCfg = Debug|x64
		{F1F5B9D8-CF18-481C-BFE8-C827C4C0070B}.Debug|x64.Build.0 = Debug|x64
		{F1F5B9D8-CF18-481C-BFE8-C827C4C0070B}.Debug|x86.ActiveCfg = Debug|Win32
		{F1F5B9D8-CF18-481C-BFE8-C827C4C0070B}.Debug|x86.Build.0 = Debug|Win32
		{F1F5B9D8-CF18-481C-BFE8-C827C4C0070B}.Release|x64.ActiveCfg = Release|x64
		{F1F5B9D8-CF18-481C-BFE8-C827C4C0070B}.Release|x64.Build.0 = Release|x64
		{F1F5B9D8-CF18-481C-BFE8-C827C4C0070B}.Release|x86.ActiveCfg = Release|Win32
		{F1F5B9D8-CF18-481C-BFE8-C827C4C0070B}.Release|x86.Build.0 = Release|Win32
		{FFC415CD-B9A8-49EB-8919-261DA22C3706}.Debug|x64.ActiveCfg = Debug|x64
		{FFC415CD-B9A8-49EB-8919-261DA22C3706}.Debug|x64.Build.0 = Debug|x64
		{FFC415CD-B9A8-49EB-8919-261DA22C3706}.Debug|x86.ActiveCfg = Debug|Win32
		{FFC415CD-B9A8-49EB-8919-261DA22C3706}.Debug|x86.Build.0 = Debug|Win32
		{FFC415CD-B9A8-49EB-8919-261DA22C3706}.Release|x64.ActiveCfg = Release|x64
		{FFC415CD-B9A8-49EB-8919-261DA22C3706}.Release|x64.Build.0 = Release|x64
		{FFC415CD-B9A8-49EB-8919-261DA22C3706}.Release|x86.ActiveCfg = Release|Win32
		{FFC415CD-B9A8-49EB-8919-261DA22C3706}.Release|x86.Build.0 = Release|Win32
		{9A700025-8923-410C-9174-B6F96479927A}.Debug|x64.ActiveCfg = Debug|x64
		{9A700025-8923-410C-9174-B6F96479927A}.Debug|x64.Build.0 = Debug|x64
		{9A700025-8923-410C-9174-B6F96479927A}.Debug|x86.ActiveCfg = Debug|Win32
		{9A700025-8923-410C-9174-B6F96479927A}.Debug|x86.Build.0 = Debug|Win32
		{9A700025-8923-410C-9174-B6F96479927A}.Release|x64.ActiveCfg = Release|x64
		{9A700025-8923-410C-9174-B6F96479927A}.Release|x64.Build.0 = Release|x64
		{9A700025-8923-410C-9174-B6F96479927A}.Release|x86.ActiveCfg = Release|Win32
		{9A700025-8923-410C-9174-B6F96479927A}.Release|x86.Build.0 = Release|Win32
		{157E0D39-4EFC-4451-A58D-EFD6A479EB3C}.Debug|x64.ActiveCfg = Debug|x64
		{157E0D39-4EFC-4451-A58D-EFD6A479EB3C}.Debug|x64.Build.0 = Debug|x64
		{157E0D39-4EFC-4451-A58D-EFD6A479EB3C}.Debug|x86.ActiveCfg = Debug|Win32
		{157E0D39-4EFC-4451-A58D-EFD6A479EB3C}.Debug|x86.Build.0 = Debug|Win32
		{157E0D39-4EFC-4451-A58D-EFD6A479EB3C}.Release|x64.ActiveCfg = Release|x64
		{157E0D39-4EFC-4451-A58D-EFD6A479EB3C}.Release|x64.Build.0 = Release|x64
		{157E0D39-4EFC-4451-A58D-EFD6A479EB3C}.Release|x86.ActiveCfg = Release|Win32
		{157E0D39-4EFC-4451-A58D-EFD6A479EB3C}.Release|x86.Build.0 = Release|Win32
		{CC127CFE-1F95-40E7-A535-E8AA438C0CA5}.Debug|x64.ActiveCfg = Debug|x64
		{CC127CFE-1F95-40E7-A535-E8AA438C0CA5}.Debug|x64.Build.0 = Debug|x64
		{CC127CFE-1F95-40E7-A535-E8AA438C0CA5}.Debug|x86.ActiveCfg = Debug|Win32
		{CC127CFE-1F95-40E7-A535-E8AA438C0CA5}.Debug|x86.Build.0 = Debug|Win32
		{CC127CFE-1F95-40E7-A535-E8AA438C0CA5}.Release|x64.ActiveCfg = Release|x64
		{CC127CFE-1F95-40E7-A535-E8AA438C0CA5}.Release|x64.Build.0 = Release|x64
		{CC127CFE-1F95-40E7-A535-E8AA438C0CA5}.Release|x86.ActiveCfg = Release|Win32
		{CC127CFE-1F95-40E7-A535-E8AA438C0CA5}.Release|x86.Build.0 = Release|Win32
	EndGlobalSection
	GlobalSection(SolutionProperties) = preSolution
		HideSolutionNode = FALSE
	EndGlobalSection
	GlobalSection(ExtensibilityGlobals) = postSolution
		SolutionGuid = {7D6E99EF-0D6E-48E8-8887-ED47B38E7EC0}
	EndGlobalSection
EndGlobal
