
Microsoft Visual Studio Solution File, Format Version 12.00
# Visual Studio Version 16
VisualStudioVersion = 16.0.30114.105
MinimumVisualStudioVersion = 10.0.40219.1
Project("{8BC9CEB8-8B4A-11D0-8D11-00A0C91BC942}") = "TemplateSample", "TemplateSample\TemplateSample.vcxproj", "{35669500-CFCC-4DAB-AD80-38897FC8D786}"
EndProject
Project("{8BC9CEB8-8B4A-11D0-8D11-00A0C91BC942}") = "TemplateArray", "TemplateArray\TemplateArray.vcxproj", "{CF5F3488-D18B-49D2-A320-7A6733B60BAA}"
EndProject
Project("{8BC9CEB8-8B4A-11D0-8D11-00A0C91BC942}") = "TemplateMember", "TemplateMember\TemplateMember.vcxproj", "{054792D8-BD80-4D28-9ECE-C13B5A422D1B}"
EndProject
Project("{8BC9CEB8-8B4A-11D0-8D11-00A0C91BC942}") = "TemplateParam", "TemplateParam\TemplateParam.vcxproj", "{2424EBFB-80D8-49EB-A80C-90DC8C38EE54}"
EndProject
Project("{8BC9CEB8-8B4A-11D0-8D11-00A0C91BC942}") = "TemplateFunction", "TemplateFunction\TemplateFunction.vcxproj", "{453AABDE-760D-4B8C-8091-D26E4A4BDDF0}"
EndProject
Project("{8BC9CEB8-8B4A-11D0-8D11-00A0C91BC942}") = "TemplateInherit", "TemplateInherit\TemplateInherit.vcxproj", "{2863956C-DB07-42E6-8DE7-232752D3485F}"
EndProject
Project("{8BC9CEB8-8B4A-11D0-8D11-00A0C91BC942}") = "SharedPtrSample", "SharedPtrSample\SharedPtrSample.vcxproj", "{4FE8786A-0C14-4E1F-854D-04C1D18BF478}"
EndProject
Project("{8BC9CEB8-8B4A-11D0-8D11-00A0C91BC942}") = "SharedPtrArray", "SharedPtrArray\SharedPtrArray.vcxproj", "{13678EA2-067B-4CA9-ABF3-ECE7EA56AC6C}"
EndProject
Project("{8BC9CEB8-8B4A-11D0-8D11-00A0C91BC942}") = "UniquePtrSample", "UniquePtrSample\UniquePtrSample.vcxproj", "{D241056C-D9B3-42A4-BD2B-96465F4F0706}"
EndProject
Project("{8BC9CEB8-8B4A-11D0-8D11-00A0C91BC942}") = "TemplateSpecial", "TemplateSpecial\TemplateSpecial.vcxproj", "{D2A70833-A92F-4E00-BEA4-59C516B211A8}"
EndProject
Global
	GlobalSection(SolutionConfigurationPlatforms) = preSolution
		Debug|x64 = Debug|x64
		Debug|x86 = Debug|x86
		Release|x64 = Release|x64
		Release|x86 = Release|x86
	EndGlobalSection
	GlobalSection(ProjectConfigurationPlatforms) = postSolution
		{35669500-CFCC-4DAB-AD80-38897FC8D786}.Debug|x64.ActiveCfg = Debug|x64
		{35669500-CFCC-4DAB-AD80-38897FC8D786}.Debug|x64.Build.0 = Debug|x64
		{35669500-CFCC-4DAB-AD80-38897FC8D786}.Debug|x86.ActiveCfg = Debug|Win32
		{35669500-CFCC-4DAB-AD80-38897FC8D786}.Debug|x86.Build.0 = Debug|Win32
		{35669500-CFCC-4DAB-AD80-38897FC8D786}.Release|x64.ActiveCfg = Release|x64
		{35669500-CFCC-4DAB-AD80-38897FC8D786}.Release|x64.Build.0 = Release|x64
		{35669500-CFCC-4DAB-AD80-38897FC8D786}.Release|x86.ActiveCfg = Release|Win32
		{35669500-CFCC-4DAB-AD80-38897FC8D786}.Release|x86.Build.0 = Release|Win32
		{CF5F3488-D18B-49D2-A320-7A6733B60BAA}.Debug|x64.ActiveCfg = Debug|x64
		{CF5F3488-D18B-49D2-A320-7A6733B60BAA}.Debug|x64.Build.0 = Debug|x64
		{CF5F3488-D18B-49D2-A320-7A6733B60BAA}.Debug|x86.ActiveCfg = Debug|Win32
		{CF5F3488-D18B-49D2-A320-7A6733B60BAA}.Debug|x86.Build.0 = Debug|Win32
		{CF5F3488-D18B-49D2-A320-7A6733B60BAA}.Release|x64.ActiveCfg = Release|x64
		{CF5F3488-D18B-49D2-A320-7A6733B60BAA}.Release|x64.Build.0 = Release|x64
		{CF5F3488-D18B-49D2-A320-7A6733B60BAA}.Release|x86.ActiveCfg = Release|Win32
		{CF5F3488-D18B-49D2-A320-7A6733B60BAA}.Release|x86.Build.0 = Release|Win32
		{054792D8-BD80-4D28-9ECE-C13B5A422D1B}.Debug|x64.ActiveCfg = Debug|x64
		{054792D8-BD80-4D28-9ECE-C13B5A422D1B}.Debug|x64.Build.0 = Debug|x64
		{054792D8-BD80-4D28-9ECE-C13B5A422D1B}.Debug|x86.ActiveCfg = Debug|Win32
		{054792D8-BD80-4D28-9ECE-C13B5A422D1B}.Debug|x86.Build.0 = Debug|Win32
		{054792D8-BD80-4D28-9ECE-C13B5A422D1B}.Release|x64.ActiveCfg = Release|x64
		{054792D8-BD80-4D28-9ECE-C13B5A422D1B}.Release|x64.Build.0 = Release|x64
		{054792D8-BD80-4D28-9ECE-C13B5A422D1B}.Release|x86.ActiveCfg = Release|Win32
		{054792D8-BD80-4D28-9ECE-C13B5A422D1B}.Release|x86.Build.0 = Release|Win32
		{2424EBFB-80D8-49EB-A80C-90DC8C38EE54}.Debug|x64.ActiveCfg = Debug|x64
		{2424EBFB-80D8-49EB-A80C-90DC8C38EE54}.Debug|x64.Build.0 = Debug|x64
		{2424EBFB-80D8-49EB-A80C-90DC8C38EE54}.Debug|x86.ActiveCfg = Debug|Win32
		{2424EBFB-80D8-49EB-A80C-90DC8C38EE54}.Debug|x86.Build.0 = Debug|Win32
		{2424EBFB-80D8-49EB-A80C-90DC8C38EE54}.Release|x64.ActiveCfg = Release|x64
		{2424EBFB-80D8-49EB-A80C-90DC8C38EE54}.Release|x64.Build.0 = Release|x64
		{2424EBFB-80D8-49EB-A80C-90DC8C38EE54}.Release|x86.ActiveCfg = Release|Win32
		{2424EBFB-80D8-49EB-A80C-90DC8C38EE54}.Release|x86.Build.0 = Release|Win32
		{453AABDE-760D-4B8C-8091-D26E4A4BDDF0}.Debug|x64.ActiveCfg = Debug|x64
		{453AABDE-760D-4B8C-8091-D26E4A4BDDF0}.Debug|x64.Build.0 = Debug|x64
		{453AABDE-760D-4B8C-8091-D26E4A4BDDF0}.Debug|x86.ActiveCfg = Debug|Win32
		{453AABDE-760D-4B8C-8091-D26E4A4BDDF0}.Debug|x86.Build.0 = Debug|Win32
		{453AABDE-760D-4B8C-8091-D26E4A4BDDF0}.Release|x64.ActiveCfg = Release|x64
		{453AABDE-760D-4B8C-8091-D26E4A4BDDF0}.Release|x64.Build.0 = Release|x64
		{453AABDE-760D-4B8C-8091-D26E4A4BDDF0}.Release|x86.ActiveCfg = Release|Win32
		{453AABDE-760D-4B8C-8091-D26E4A4BDDF0}.Release|x86.Build.0 = Release|Win32
		{2863956C-DB07-42E6-8DE7-232752D3485F}.Debug|x64.ActiveCfg = Debug|x64
		{2863956C-DB07-42E6-8DE7-232752D3485F}.Debug|x64.Build.0 = Debug|x64
		{2863956C-DB07-42E6-8DE7-232752D3485F}.Debug|x86.ActiveCfg = Debug|Win32
		{2863956C-DB07-42E6-8DE7-232752D3485F}.Debug|x86.Build.0 = Debug|Win32
		{2863956C-DB07-42E6-8DE7-232752D3485F}.Release|x64.ActiveCfg = Release|x64
		{2863956C-DB07-42E6-8DE7-232752D3485F}.Release|x64.Build.0 = Release|x64
		{2863956C-DB07-42E6-8DE7-232752D3485F}.Release|x86.ActiveCfg = Release|Win32
		{2863956C-DB07-42E6-8DE7-232752D3485F}.Release|x86.Build.0 = Release|Win32
		{4FE8786A-0C14-4E1F-854D-04C1D18BF478}.Debug|x64.ActiveCfg = Debug|x64
		{4FE8786A-0C14-4E1F-854D-04C1D18BF478}.Debug|x64.Build.0 = Debug|x64
		{4FE8786A-0C14-4E1F-854D-04C1D18BF478}.Debug|x86.ActiveCfg = Debug|Win32
		{4FE8786A-0C14-4E1F-854D-04C1D18BF478}.Debug|x86.Build.0 = Debug|Win32
		{4FE8786A-0C14-4E1F-854D-04C1D18BF478}.Release|x64.ActiveCfg = Release|x64
		{4FE8786A-0C14-4E1F-854D-04C1D18BF478}.Release|x64.Build.0 = Release|x64
		{4FE8786A-0C14-4E1F-854D-04C1D18BF478}.Release|x86.ActiveCfg = Release|Win32
		{4FE8786A-0C14-4E1F-854D-04C1D18BF478}.Release|x86.Build.0 = Release|Win32
		{13678EA2-067B-4CA9-ABF3-ECE7EA56AC6C}.Debug|x64.ActiveCfg = Debug|x64
		{13678EA2-067B-4CA9-ABF3-ECE7EA56AC6C}.Debug|x64.Build.0 = Debug|x64
		{13678EA2-067B-4CA9-ABF3-ECE7EA56AC6C}.Debug|x86.ActiveCfg = Debug|Win32
		{13678EA2-067B-4CA9-ABF3-ECE7EA56AC6C}.Debug|x86.Build.0 = Debug|Win32
		{13678EA2-067B-4CA9-ABF3-ECE7EA56AC6C}.Release|x64.ActiveCfg = Release|x64
		{13678EA2-067B-4CA9-ABF3-ECE7EA56AC6C}.Release|x64.Build.0 = Release|x64
		{13678EA2-067B-4CA9-ABF3-ECE7EA56AC6C}.Release|x86.ActiveCfg = Release|Win32
		{13678EA2-067B-4CA9-ABF3-ECE7EA56AC6C}.Release|x86.Build.0 = Release|Win32
		{D241056C-D9B3-42A4-BD2B-96465F4F0706}.Debug|x64.ActiveCfg = Debug|x64
		{D241056C-D9B3-42A4-BD2B-96465F4F0706}.Debug|x64.Build.0 = Debug|x64
		{D241056C-D9B3-42A4-BD2B-96465F4F0706}.Debug|x86.ActiveCfg = Debug|Win32
		{D241056C-D9B3-42A4-BD2B-96465F4F0706}.Debug|x86.Build.0 = Debug|Win32
		{D241056C-D9B3-42A4-BD2B-96465F4F0706}.Release|x64.ActiveCfg = Release|x64
		{D241056C-D9B3-42A4-BD2B-96465F4F0706}.Release|x64.Build.0 = Release|x64
		{D241056C-D9B3-42A4-BD2B-96465F4F0706}.Release|x86.ActiveCfg = Release|Win32
		{D241056C-D9B3-42A4-BD2B-96465F4F0706}.Release|x86.Build.0 = Release|Win32
		{D2A70833-A92F-4E00-BEA4-59C516B211A8}.Debug|x64.ActiveCfg = Debug|x64
		{D2A70833-A92F-4E00-BEA4-59C516B211A8}.Debug|x64.Build.0 = Debug|x64
		{D2A70833-A92F-4E00-BEA4-59C516B211A8}.Debug|x86.ActiveCfg = Debug|Win32
		{D2A70833-A92F-4E00-BEA4-59C516B211A8}.Debug|x86.Build.0 = Debug|Win32
		{D2A70833-A92F-4E00-BEA4-59C516B211A8}.Release|x64.ActiveCfg = Release|x64
		{D2A70833-A92F-4E00-BEA4-59C516B211A8}.Release|x64.Build.0 = Release|x64
		{D2A70833-A92F-4E00-BEA4-59C516B211A8}.Release|x86.ActiveCfg = Release|Win32
		{D2A70833-A92F-4E00-BEA4-59C516B211A8}.Release|x86.Build.0 = Release|Win32
	EndGlobalSection
	GlobalSection(SolutionProperties) = preSolution
		HideSolutionNode = FALSE
	EndGlobalSection
	GlobalSection(ExtensibilityGlobals) = postSolution
		SolutionGuid = {618FD3AC-3556-42EA-9222-D1789420C953}
	EndGlobalSection
EndGlobal
